<?xml version="1.0" encoding="utf-8"?>
<Project ToolsVersion="4.0" xmlns="http://schemas.microsoft.com/developer/msbuild/2003">
  <ItemGroup>
    <Filter Include="Sources">
      <UniqueIdentifier>{d1f71faa-3267-4b6d-aa64-cda43a37a6b8}</UniqueIdentifier>
    </Filter>
    <Filter Include="Assets">
      <UniqueIdentifier>{e8e01193-e48b-4d69-8105-9c2e5b6b3a46}</UniqueIdentifier>
    </Filter>
  </ItemGroup>
  <ItemGroup>
    <ClCompile Include="Sources\DaftGame.cpp">
      <Filter>Sources</Filter>
    </ClCompile>
    <ClCompile Include="Sources\main.cpp">
      <Filter>Sources</Filter>
    </ClCompile>
  </ItemGroup>
  <ItemGroup>
    <ClInclude Include="Sources\DaftGame.h">
      <Filter>Sources</Filter>
    </ClInclude>
  </ItemGroup>
</Project>