<?xml version="1.0" encoding="utf-8"?>
<Project ToolsVersion="4.0" xmlns="http://schemas.microsoft.com/developer/msbuild/2003">
  <ItemGroup>
    <Filter Include="Sources">
      <UniqueIdentifier>{d1f71faa-3267-4b6d-aa64-cda43a37a6b8}</UniqueIdentifier>
    </Filter>
    <Filter Include="Assets">
      <UniqueIdentifier>{e8e01193-e48b-4d69-8105-9c2e5b6b3a46}</UniqueIdentifier>
    </Filter>
    <Filter Include="Sources\Main">
      <UniqueIdentifier>{dd249205-b145-45db-a99a-f70c6b3c8973}</UniqueIdentifier>
    </Filter>
    <Filter Include="Sources\Core">
      <UniqueIdentifier>{51477766-c1f3-4e3e-ab54-af7dbe2b6b43}</UniqueIdentifier>
    </Filter>
    <Filter Include="Sources\Shader">
      <UniqueIdentifier>{7879d307-fb1d-47c0-8bb1-29ab7b8c5892}</UniqueIdentifier>
    </Filter>
    <Filter Include="Sources\Other">
      <UniqueIdentifier>{a2655b78-deca-4a93-845f-23b4c11d7307}</UniqueIdentifier>
    </Filter>
    <Filter Include="Sources\Render">
      <UniqueIdentifier>{b0c9a05a-2e4a-4f26-9375-325c5dd5784f}</UniqueIdentifier>
    </Filter>
  </ItemGroup>
  <ItemGroup>
    <ClCompile Include="Sources\Core\DaftGame.cpp">
      <Filter>Sources\Core</Filter>
    </ClCompile>
    <ClCompile Include="Sources\Main\main.cpp">
      <Filter>Sources\Main</Filter>
    </ClCompile>
    <ClCompile Include="Dependencies\GLAD\src\glad.c">
      <Filter>Sources</Filter>
    </ClCompile>
    <ClCompile Include="Sources\Other\DrawObject.cpp">
      <Filter>Sources\Other</Filter>
    </ClCompile>
    <ClCompile Include="Sources\Render\Shader.cpp" />
  </ItemGroup>
  <ItemGroup>
    <ClInclude Include="Sources\Core\DaftGame.h">
      <Filter>Sources\Core</Filter>
    </ClInclude>
    <ClInclude Include="Sources\Render\Shader.h">
      <Filter>Sources\Render</Filter>
    </ClInclude>
    <ClInclude Include="Sources\Other\DrawObject.h">
      <Filter>Sources\Other</Filter>
    </ClInclude>
  </ItemGroup>
</Project>